
Microsoft Visual Studio Solution File, Format Version 12.00
# Visual Studio Version 16
VisualStudioVersion = 16.0.32413.511
MinimumVisualStudioVersion = 10.0.40219.1
Project("{8BC9CEB8-8B4A-11D0-8D11-00A0C91BC942}") = "Neuronet", "Neuronet.vcxproj", "{CED91676-6CF6-4DEC-B53E-CD402A249F08}"
EndProject
Global
	GlobalSection(SolutionConfigurationPlatforms) = preSolution
		Debug|x64 = Debug|x64
		Debug|x86 = Debug|x86
		Release|x64 = Release|x64
		Release|x86 = Release|x86
	EndGlobalSection
	GlobalSection(ProjectConfigurationPlatforms) = postSolution
		{CED91676-6CF6-4DEC-B53E-CD402A249F08}.Debug|x64.ActiveCfg = Debug|x64
		{CED91676-6CF6-4DEC-B53E-CD402A249F08}.Debug|x64.Build.0 = Debug|x64
		{CED91676-6CF6-4DEC-B53E-CD402A249F08}.Debug|x86.ActiveCfg = Debug|Win32
		{CED91676-6CF6-4DEC-B53E-CD402A249F08}.Debug|x86.Build.0 = Debug|Win32
		{CED91676-6CF6-4DEC-B53E-CD402A249F08}.Release|x64.ActiveCfg = Release|x64
		{CED91676-6CF6-4DEC-B53E-CD402A249F08}.Release|x64.Build.0 = Release|x64
		{CED91676-6CF6-4DEC-B53E-CD402A249F08}.Release|x86.ActiveCfg = Release|Win32
		{CED91676-6CF6-4DEC-B53E-CD402A249F08}.Release|x86.Build.0 = Release|Win32
	EndGlobalSection
	GlobalSection(SolutionProperties) = preSolution
		HideSolutionNode = FALSE
	EndGlobalSection
	GlobalSection(ExtensibilityGlobals) = postSolution
		SolutionGuid = {6507AD58-20D3-4126-A810-8E5C0A3B1230}
	EndGlobalSection
EndGlobal
